
Microsoft Visual Studio Solution File, Format Version 12.00
Project("{FAE04EC0-301F-11D3-BF4B-00C04F79EFBC}") = "SuperMarket", "SuperMarket\SuperMarket.csproj", "{BFF5186A-010C-4E12-997F-D28F646D5D59}"
EndProject
Global
	GlobalSection(SolutionConfigurationPlatforms) = preSolution
		Debug|Any CPU = Debug|Any CPU
		Release|Any CPU = Release|Any CPU
	EndGlobalSection
	GlobalSection(ProjectConfigurationPlatforms) = postSolution
		{BFF5186A-010C-4E12-997F-D28F646D5D59}.Debug|Any CPU.ActiveCfg = Debug|Any CPU
		{BFF5186A-010C-4E12-997F-D28F646D5D59}.Debug|Any CPU.Build.0 = Debug|Any CPU
		{BFF5186A-010C-4E12-997F-D28F646D5D59}.Release|Any CPU.ActiveCfg = Release|Any CPU
		{BFF5186A-010C-4E12-997F-D28F646D5D59}.Release|Any CPU.Build.0 = Release|Any CPU
	EndGlobalSection
EndGlobal
